
Microsoft Visual Studio Solution File, Format Version 12.00
# Visual Studio Version 18
VisualStudioVersion = 18.3.11520.95 d18.3
MinimumVisualStudioVersion = 10.0.40219.1
Project("{FAE04EC0-301F-11D3-BF4B-00C04F79EFBC}") = "RimTalkRealitySync", "RimTalkRealitySync.csproj", "{01D3CF06-787D-4173-9B61-8AD8A7D92256}"
EndProject
Global
	GlobalSection(SolutionConfigurationPlatforms) = preSolution
		Debug|Any CPU = Debug|Any CPU
		Debug|x64 = Debug|x64
		Release|Any CPU = Release|Any CPU
		Release|x64 = Release|x64
	EndGlobalSection
	GlobalSection(ProjectConfigurationPlatforms) = postSolution
		{01D3CF06-787D-4173-9B61-8AD8A7D92256}.Debug|Any CPU.ActiveCfg = Debug|Any CPU
		{01D3CF06-787D-4173-9B61-8AD8A7D92256}.Debug|Any CPU.Build.0 = Debug|Any CPU
		{01D3CF06-787D-4173-9B61-8AD8A7D92256}.Debug|x64.ActiveCfg = Debug|x64
		{01D3CF06-787D-4173-9B61-8AD8A7D92256}.Debug|x64.Build.0 = Debug|x64
		{01D3CF06-787D-4173-9B61-8AD8A7D92256}.Release|Any CPU.ActiveCfg = Release|Any CPU
		{01D3CF06-787D-4173-9B61-8AD8A7D92256}.Release|Any CPU.Build.0 = Release|Any CPU
		{01D3CF06-787D-4173-9B61-8AD8A7D92256}.Release|x64.ActiveCfg = Release|x64
		{01D3CF06-787D-4173-9B61-8AD8A7D92256}.Release|x64.Build.0 = Release|x64
	EndGlobalSection
	GlobalSection(SolutionProperties) = preSolution
		HideSolutionNode = FALSE
	EndGlobalSection
	GlobalSection(ExtensibilityGlobals) = postSolution
		SolutionGuid = {0F03D842-72CB-4D86-8341-562D46032065}
	EndGlobalSection
EndGlobal
